
Microsoft Visual Studio Solution File, Format Version 12.00
# Visual Studio 2010
Project("{FAE04EC0-301F-11D3-BF4B-00C04F79EFBC}") = "FalconUDP", "FalconUDP.csproj", "{5CDA9619-2E01-423B-B890-5D84E5A41CE9}"
EndProject
Project("{FAE04EC0-301F-11D3-BF4B-00C04F79EFBC}") = "FalconUDPTests", "FalconUDPTests\FalconUDPTests.csproj", "{F5096E04-4695-4982-99FD-6EC896E8ED5E}"
EndProject
Global
	GlobalSection(SolutionConfigurationPlatforms) = preSolution
		Debug|Any CPU = Debug|Any CPU
		Debug|ARM = Debug|ARM
		Debug|x64 = Debug|x64
		Debug|x86 = Debug|x86
		Release|Any CPU = Release|Any CPU
		Release|ARM = Release|ARM
		Release|x64 = Release|x64
		Release|x86 = Release|x86
	EndGlobalSection
	GlobalSection(ProjectConfigurationPlatforms) = postSolution
		{5CDA9619-2E01-423B-B890-5D84E5A41CE9}.Debug|Any CPU.ActiveCfg = Debug|Any CPU
		{5CDA9619-2E01-423B-B890-5D84E5A41CE9}.Debug|Any CPU.Build.0 = Debug|Any CPU
		{5CDA9619-2E01-423B-B890-5D84E5A41CE9}.Debug|ARM.ActiveCfg = Debug|Any CPU
		{5CDA9619-2E01-423B-B890-5D84E5A41CE9}.Debug|x64.ActiveCfg = Debug|Any CPU
		{5CDA9619-2E01-423B-B890-5D84E5A41CE9}.Debug|x86.ActiveCfg = Debug|Any CPU
		{5CDA9619-2E01-423B-B890-5D84E5A41CE9}.Release|Any CPU.ActiveCfg = Release|Any CPU
		{5CDA9619-2E01-423B-B890-5D84E5A41CE9}.Release|Any CPU.Build.0 = Release|Any CPU
		{5CDA9619-2E01-423B-B890-5D84E5A41CE9}.Release|ARM.ActiveCfg = Release|Any CPU
		{5CDA9619-2E01-423B-B890-5D84E5A41CE9}.Release|x64.ActiveCfg = Release|Any CPU
		{5CDA9619-2E01-423B-B890-5D84E5A41CE9}.Release|x86.ActiveCfg = Release|Any CPU
		{F5096E04-4695-4982-99FD-6EC896E8ED5E}.Debug|Any CPU.ActiveCfg = Debug|Any CPU
		{F5096E04-4695-4982-99FD-6EC896E8ED5E}.Debug|Any CPU.Build.0 = Debug|Any CPU
		{F5096E04-4695-4982-99FD-6EC896E8ED5E}.Debug|ARM.ActiveCfg = Debug|Any CPU
		{F5096E04-4695-4982-99FD-6EC896E8ED5E}.Debug|x64.ActiveCfg = Debug|Any CPU
		{F5096E04-4695-4982-99FD-6EC896E8ED5E}.Debug|x86.ActiveCfg = Debug|Any CPU
		{F5096E04-4695-4982-99FD-6EC896E8ED5E}.Release|Any CPU.ActiveCfg = Release|Any CPU
		{F5096E04-4695-4982-99FD-6EC896E8ED5E}.Release|Any CPU.Build.0 = Release|Any CPU
		{F5096E04-4695-4982-99FD-6EC896E8ED5E}.Release|ARM.ActiveCfg = Release|Any CPU
		{F5096E04-4695-4982-99FD-6EC896E8ED5E}.Release|x64.ActiveCfg = Release|Any CPU
		{F5096E04-4695-4982-99FD-6EC896E8ED5E}.Release|x86.ActiveCfg = Release|Any CPU
	EndGlobalSection
	GlobalSection(SolutionProperties) = preSolution
		HideSolutionNode = FALSE
	EndGlobalSection
EndGlobal
