
Microsoft Visual Studio Solution File, Format Version 12.00
# Visual Studio 2013
VisualStudioVersion = 12.0.31101.0
MinimumVisualStudioVersion = 10.0.40219.1
Project("{FAE04EC0-301F-11D3-BF4B-00C04F79EFBC}") = "FalconUDP.RT", "FalconUDP.RT.csproj", "{AA8A6EDE-1989-4E72-B260-94B6BD85FFD5}"
EndProject
Project("{FAE04EC0-301F-11D3-BF4B-00C04F79EFBC}") = "FalconUDPTests.RT", "FalconUDPTests\FalconUDPTests.RT\FalconUDPTests.RT.csproj", "{6414F33B-4E2A-4111-992E-C9BDDFE782A9}"
EndProject
Global
	GlobalSection(SolutionConfigurationPlatforms) = preSolution
		Debug|Any CPU = Debug|Any CPU
		Release|Any CPU = Release|Any CPU
	EndGlobalSection
	GlobalSection(ProjectConfigurationPlatforms) = postSolution
		{AA8A6EDE-1989-4E72-B260-94B6BD85FFD5}.Debug|Any CPU.ActiveCfg = Debug|Any CPU
		{AA8A6EDE-1989-4E72-B260-94B6BD85FFD5}.Debug|Any CPU.Build.0 = Debug|Any CPU
		{AA8A6EDE-1989-4E72-B260-94B6BD85FFD5}.Release|Any CPU.ActiveCfg = Release|Any CPU
		{AA8A6EDE-1989-4E72-B260-94B6BD85FFD5}.Release|Any CPU.Build.0 = Release|Any CPU
		{6414F33B-4E2A-4111-992E-C9BDDFE782A9}.Debug|Any CPU.ActiveCfg = Debug|Any CPU
		{6414F33B-4E2A-4111-992E-C9BDDFE782A9}.Debug|Any CPU.Build.0 = Debug|Any CPU
		{6414F33B-4E2A-4111-992E-C9BDDFE782A9}.Debug|Any CPU.Deploy.0 = Debug|Any CPU
		{6414F33B-4E2A-4111-992E-C9BDDFE782A9}.Release|Any CPU.ActiveCfg = Release|Any CPU
		{6414F33B-4E2A-4111-992E-C9BDDFE782A9}.Release|Any CPU.Build.0 = Release|Any CPU
		{6414F33B-4E2A-4111-992E-C9BDDFE782A9}.Release|Any CPU.Deploy.0 = Release|Any CPU
	EndGlobalSection
	GlobalSection(SolutionProperties) = preSolution
		HideSolutionNode = FALSE
	EndGlobalSection
EndGlobal
